
Microsoft Visual Studio Solution File, Format Version 12.00
# Visual Studio Version 17
VisualStudioVersion = 17.5.33530.505
MinimumVisualStudioVersion = 10.0.40219.1
Project("{FAE04EC0-301F-11D3-BF4B-00C04F79EFBC}") = "backend", "backend\backend.csproj", "{634A65C4-920B-4843-B189-1E2CDE8238FE}"
EndProject
Global
	GlobalSection(SolutionConfigurationPlatforms) = preSolution
		Debug|Any CPU = Debug|Any CPU
		Release|Any CPU = Release|Any CPU
	EndGlobalSection
	GlobalSection(ProjectConfigurationPlatforms) = postSolution
		{634A65C4-920B-4843-B189-1E2CDE8238FE}.Debug|Any CPU.ActiveCfg = Debug|Any CPU
		{634A65C4-920B-4843-B189-1E2CDE8238FE}.Debug|Any CPU.Build.0 = Debug|Any CPU
		{634A65C4-920B-4843-B189-1E2CDE8238FE}.Release|Any CPU.ActiveCfg = Release|Any CPU
		{634A65C4-920B-4843-B189-1E2CDE8238FE}.Release|Any CPU.Build.0 = Release|Any CPU
	EndGlobalSection
	GlobalSection(SolutionProperties) = preSolution
		HideSolutionNode = FALSE
	EndGlobalSection
	GlobalSection(ExtensibilityGlobals) = postSolution
		SolutionGuid = {FB705D39-5196-4614-9C9C-DD1AD713B1DD}
	EndGlobalSection
EndGlobal
